
Microsoft Visual Studio Solution File, Format Version 12.00
Project("{FAE04EC0-301F-11D3-BF4B-00C04F79EFBC}") = "ManagerApi", "Api\ManagerApi\ManagerApi.csproj", "{386642A6-256C-40D2-B2A9-B3ED5E187B30}"
EndProject
Project("{FAE04EC0-301F-11D3-BF4B-00C04F79EFBC}") = "ManagerWeb", "Web\ManagerWeb\ManagerWeb.csproj", "{A0BE6FAD-460C-4F2A-9F72-2E7DFC7B1626}"
EndProject
Project("{2150E333-8FDC-42A3-9474-1A3956D46DE8}") = "Documentacion", "Documentacion", "{B77139A8-535D-4347-A24B-7FE58D372A91}"
	ProjectSection(SolutionItems) = preProject
		C:\Users\gmarr\Downloads\Documentacion_Seguidor_Proyectos_Version2.md = C:\Users\gmarr\Downloads\Documentacion_Seguidor_Proyectos_Version2.md
		C:\Users\gmarr\Downloads\Documentacion_Seguidor_Proyectos_Version3.md = C:\Users\gmarr\Downloads\Documentacion_Seguidor_Proyectos_Version3.md
		C:\Users\gmarr\Downloads\Documentacion_Seguidor_Proyectos.md = C:\Users\gmarr\Downloads\Documentacion_Seguidor_Proyectos.md
	EndProjectSection
EndProject
Global
	GlobalSection(SolutionConfigurationPlatforms) = preSolution
		Debug|Any CPU = Debug|Any CPU
		Release|Any CPU = Release|Any CPU
	EndGlobalSection
	GlobalSection(ProjectConfigurationPlatforms) = postSolution
		{386642A6-256C-40D2-B2A9-B3ED5E187B30}.Debug|Any CPU.ActiveCfg = Debug|Any CPU
		{386642A6-256C-40D2-B2A9-B3ED5E187B30}.Debug|Any CPU.Build.0 = Debug|Any CPU
		{386642A6-256C-40D2-B2A9-B3ED5E187B30}.Release|Any CPU.ActiveCfg = Release|Any CPU
		{386642A6-256C-40D2-B2A9-B3ED5E187B30}.Release|Any CPU.Build.0 = Release|Any CPU
		{A0BE6FAD-460C-4F2A-9F72-2E7DFC7B1626}.Debug|Any CPU.ActiveCfg = Debug|Any CPU
		{A0BE6FAD-460C-4F2A-9F72-2E7DFC7B1626}.Debug|Any CPU.Build.0 = Debug|Any CPU
		{A0BE6FAD-460C-4F2A-9F72-2E7DFC7B1626}.Release|Any CPU.ActiveCfg = Release|Any CPU
		{A0BE6FAD-460C-4F2A-9F72-2E7DFC7B1626}.Release|Any CPU.Build.0 = Release|Any CPU
	EndGlobalSection
EndGlobal
